
Microsoft Visual Studio Solution File, Format Version 12.00
# Visual Studio Version 16
VisualStudioVersion = 16.0.29102.190
MinimumVisualStudioVersion = 10.0.40219.1
Project("{FAE04EC0-301F-11D3-BF4B-00C04F79EFBC}") = "ContentHtmlTest", "ContentHtmlTest\ContentHtmlTest.csproj", "{5D04E465-92A8-45E1-ACCE-9AB7D10183EE}"
EndProject
Global
	GlobalSection(SolutionConfigurationPlatforms) = preSolution
		Debug|Any CPU = Debug|Any CPU
		Release|Any CPU = Release|Any CPU
	EndGlobalSection
	GlobalSection(ProjectConfigurationPlatforms) = postSolution
		{5D04E465-92A8-45E1-ACCE-9AB7D10183EE}.Debug|Any CPU.ActiveCfg = Debug|Any CPU
		{5D04E465-92A8-45E1-ACCE-9AB7D10183EE}.Debug|Any CPU.Build.0 = Debug|Any CPU
		{5D04E465-92A8-45E1-ACCE-9AB7D10183EE}.Release|Any CPU.ActiveCfg = Release|Any CPU
		{5D04E465-92A8-45E1-ACCE-9AB7D10183EE}.Release|Any CPU.Build.0 = Release|Any CPU
	EndGlobalSection
	GlobalSection(SolutionProperties) = preSolution
		HideSolutionNode = FALSE
	EndGlobalSection
	GlobalSection(ExtensibilityGlobals) = postSolution
		SolutionGuid = {BFFC2A64-64C3-444B-8A92-64E072A5D037}
	EndGlobalSection
EndGlobal
