
Microsoft Visual Studio Solution File, Format Version 12.00
# Visual Studio Version 16
VisualStudioVersion = 16.0.29102.190
MinimumVisualStudioVersion = 10.0.40219.1
Project("{FAE04EC0-301F-11D3-BF4B-00C04F79EFBC}") = "EmployeeHBJS", "EmployeeHBJS.csproj", "{EA61EBA2-04CB-4B01-AEA8-DB43D25549D1}"
EndProject
Global
	GlobalSection(SolutionConfigurationPlatforms) = preSolution
		Debug|Any CPU = Debug|Any CPU
		Release|Any CPU = Release|Any CPU
	EndGlobalSection
	GlobalSection(ProjectConfigurationPlatforms) = postSolution
		{EA61EBA2-04CB-4B01-AEA8-DB43D25549D1}.Debug|Any CPU.ActiveCfg = Debug|Any CPU
		{EA61EBA2-04CB-4B01-AEA8-DB43D25549D1}.Debug|Any CPU.Build.0 = Debug|Any CPU
		{EA61EBA2-04CB-4B01-AEA8-DB43D25549D1}.Release|Any CPU.ActiveCfg = Release|Any CPU
		{EA61EBA2-04CB-4B01-AEA8-DB43D25549D1}.Release|Any CPU.Build.0 = Release|Any CPU
	EndGlobalSection
	GlobalSection(SolutionProperties) = preSolution
		HideSolutionNode = FALSE
	EndGlobalSection
	GlobalSection(ExtensibilityGlobals) = postSolution
		SolutionGuid = {68BC2326-6D2F-41A7-BFFD-27EC420D3B82}
	EndGlobalSection
EndGlobal
